
Microsoft Visual Studio Solution File, Format Version 12.00
# Visual Studio Version 17
VisualStudioVersion = 17.1.32228.430
MinimumVisualStudioVersion = 10.0.40219.1
Project("{FAE04EC0-301F-11D3-BF4B-00C04F79EFBC}") = "Metamorphosis", "RevitFingerPrint\Metamorphosis.csproj", "{997FCA6E-9EE3-48B0-8DEB-30149BA1A88B}"
EndProject
Project("{FAE04EC0-301F-11D3-BF4B-00C04F79EFBC}") = "MetamorphosisDynamo", "RevitFingerPrintDynamo\MetamorphosisDynamo.csproj", "{29836B39-295E-4111-81D2-D0DEC4E3815C}"
EndProject
Project("{930C7802-8A8C-48F9-8165-68863BCCD9DD}") = "MetaInstaller", "MetaInstaller\MetaInstaller.wixproj", "{FBFA97EE-E675-4B07-BF0F-30745F5DC434}"
EndProject
Global
	GlobalSection(SolutionConfigurationPlatforms) = preSolution
		Debug|Any CPU = Debug|Any CPU
		Debug|x86 = Debug|x86
		Debug2015|Any CPU = Debug2015|Any CPU
		Debug2015|x86 = Debug2015|x86
		Debug2016|Any CPU = Debug2016|Any CPU
		Debug2016|x86 = Debug2016|x86
		Debug2017|Any CPU = Debug2017|Any CPU
		Debug2017|x86 = Debug2017|x86
		Debug2018|Any CPU = Debug2018|Any CPU
		Debug2018|x86 = Debug2018|x86
		Debug2019|Any CPU = Debug2019|Any CPU
		Debug2019|x86 = Debug2019|x86
		Debug2020|Any CPU = Debug2020|Any CPU
		Debug2020|x86 = Debug2020|x86
		Debug2021|Any CPU = Debug2021|Any CPU
		Debug2021|x86 = Debug2021|x86
		Debug2022|Any CPU = Debug2022|Any CPU
		Debug2022|x86 = Debug2022|x86
		Release|Any CPU = Release|Any CPU
		Release|x86 = Release|x86
		Release2015|Any CPU = Release2015|Any CPU
		Release2015|x86 = Release2015|x86
		Release2016|Any CPU = Release2016|Any CPU
		Release2016|x86 = Release2016|x86
		Release2017|Any CPU = Release2017|Any CPU
		Release2017|x86 = Release2017|x86
		Release2018|Any CPU = Release2018|Any CPU
		Release2018|x86 = Release2018|x86
		Release2019|Any CPU = Release2019|Any CPU
		Release2019|x86 = Release2019|x86
		Release2020|Any CPU = Release2020|Any CPU
		Release2020|x86 = Release2020|x86
		Release2021|Any CPU = Release2021|Any CPU
		Release2021|x86 = Release2021|x86
		Release2022|Any CPU = Release2022|Any CPU
		Release2022|x86 = Release2022|x86
	EndGlobalSection
	GlobalSection(ProjectConfigurationPlatforms) = postSolution
		{997FCA6E-9EE3-48B0-8DEB-30149BA1A88B}.Debug|Any CPU.ActiveCfg = Debug|Any CPU
		{997FCA6E-9EE3-48B0-8DEB-30149BA1A88B}.Debug|Any CPU.Build.0 = Debug|Any CPU
		{997FCA6E-9EE3-48B0-8DEB-30149BA1A88B}.Debug|x86.ActiveCfg = Debug|Any CPU
		{997FCA6E-9EE3-48B0-8DEB-30149BA1A88B}.Debug|x86.Build.0 = Debug|Any CPU
		{997FCA6E-9EE3-48B0-8DEB-30149BA1A88B}.Debug2015|Any CPU.ActiveCfg = Debug2015|Any CPU
		{997FCA6E-9EE3-48B0-8DEB-30149BA1A88B}.Debug2015|Any CPU.Build.0 = Debug2015|Any CPU
		{997FCA6E-9EE3-48B0-8DEB-30149BA1A88B}.Debug2015|x86.ActiveCfg = Debug2015|Any CPU
		{997FCA6E-9EE3-48B0-8DEB-30149BA1A88B}.Debug2015|x86.Build.0 = Debug2015|Any CPU
		{997FCA6E-9EE3-48B0-8DEB-30149BA1A88B}.Debug2016|Any CPU.ActiveCfg = Debug2016|Any CPU
		{997FCA6E-9EE3-48B0-8DEB-30149BA1A88B}.Debug2016|Any CPU.Build.0 = Debug2016|Any CPU
		{997FCA6E-9EE3-48B0-8DEB-30149BA1A88B}.Debug2016|x86.ActiveCfg = Debug2016|Any CPU
		{997FCA6E-9EE3-48B0-8DEB-30149BA1A88B}.Debug2016|x86.Build.0 = Debug2016|Any CPU
		{997FCA6E-9EE3-48B0-8DEB-30149BA1A88B}.Debug2017|Any CPU.ActiveCfg = Debug2017|Any CPU
		{997FCA6E-9EE3-48B0-8DEB-30149BA1A88B}.Debug2017|Any CPU.Build.0 = Debug2017|Any CPU
		{997FCA6E-9EE3-48B0-8DEB-30149BA1A88B}.Debug2017|x86.ActiveCfg = Debug2017|Any CPU
		{997FCA6E-9EE3-48B0-8DEB-30149BA1A88B}.Debug2018|Any CPU.ActiveCfg = Debug2018|Any CPU
		{997FCA6E-9EE3-48B0-8DEB-30149BA1A88B}.Debug2018|Any CPU.Build.0 = Debug2018|Any CPU
		{997FCA6E-9EE3-48B0-8DEB-30149BA1A88B}.Debug2018|x86.ActiveCfg = Debug2018|Any CPU
		{997FCA6E-9EE3-48B0-8DEB-30149BA1A88B}.Debug2018|x86.Build.0 = Debug2018|Any CPU
		{997FCA6E-9EE3-48B0-8DEB-30149BA1A88B}.Debug2019|Any CPU.ActiveCfg = Debug2019|Any CPU
		{997FCA6E-9EE3-48B0-8DEB-30149BA1A88B}.Debug2019|Any CPU.Build.0 = Debug2019|Any CPU
		{997FCA6E-9EE3-48B0-8DEB-30149BA1A88B}.Debug2019|x86.ActiveCfg = Debug2018|Any CPU
		{997FCA6E-9EE3-48B0-8DEB-30149BA1A88B}.Debug2019|x86.Build.0 = Debug2018|Any CPU
		{997FCA6E-9EE3-48B0-8DEB-30149BA1A88B}.Debug2020|Any CPU.ActiveCfg = Debug2020|Any CPU
		{997FCA6E-9EE3-48B0-8DEB-30149BA1A88B}.Debug2020|Any CPU.Build.0 = Debug2020|Any CPU
		{997FCA6E-9EE3-48B0-8DEB-30149BA1A88B}.Debug2020|x86.ActiveCfg = Debug2020|Any CPU
		{997FCA6E-9EE3-48B0-8DEB-30149BA1A88B}.Debug2020|x86.Build.0 = Debug2020|Any CPU
		{997FCA6E-9EE3-48B0-8DEB-30149BA1A88B}.Debug2021|Any CPU.ActiveCfg = Debug2021|Any CPU
		{997FCA6E-9EE3-48B0-8DEB-30149BA1A88B}.Debug2021|Any CPU.Build.0 = Debug2021|Any CPU
		{997FCA6E-9EE3-48B0-8DEB-30149BA1A88B}.Debug2021|x86.ActiveCfg = Debug2021|Any CPU
		{997FCA6E-9EE3-48B0-8DEB-30149BA1A88B}.Debug2022|Any CPU.ActiveCfg = Debug2022|Any CPU
		{997FCA6E-9EE3-48B0-8DEB-30149BA1A88B}.Debug2022|Any CPU.Build.0 = Debug2022|Any CPU
		{997FCA6E-9EE3-48B0-8DEB-30149BA1A88B}.Debug2022|x86.ActiveCfg = Debug2022|Any CPU
		{997FCA6E-9EE3-48B0-8DEB-30149BA1A88B}.Debug2022|x86.Build.0 = Debug2022|Any CPU
		{997FCA6E-9EE3-48B0-8DEB-30149BA1A88B}.Release|Any CPU.ActiveCfg = Release|Any CPU
		{997FCA6E-9EE3-48B0-8DEB-30149BA1A88B}.Release|Any CPU.Build.0 = Release|Any CPU
		{997FCA6E-9EE3-48B0-8DEB-30149BA1A88B}.Release|x86.ActiveCfg = Release|Any CPU
		{997FCA6E-9EE3-48B0-8DEB-30149BA1A88B}.Release|x86.Build.0 = Release|Any CPU
		{997FCA6E-9EE3-48B0-8DEB-30149BA1A88B}.Release2015|Any CPU.ActiveCfg = Release2015|Any CPU
		{997FCA6E-9EE3-48B0-8DEB-30149BA1A88B}.Release2015|Any CPU.Build.0 = Release2015|Any CPU
		{997FCA6E-9EE3-48B0-8DEB-30149BA1A88B}.Release2015|x86.ActiveCfg = Release2015|Any CPU
		{997FCA6E-9EE3-48B0-8DEB-30149BA1A88B}.Release2015|x86.Build.0 = Release2015|Any CPU
		{997FCA6E-9EE3-48B0-8DEB-30149BA1A88B}.Release2016|Any CPU.ActiveCfg = Release2016|Any CPU
		{997FCA6E-9EE3-48B0-8DEB-30149BA1A88B}.Release2016|Any CPU.Build.0 = Release2016|Any CPU
		{997FCA6E-9EE3-48B0-8DEB-30149BA1A88B}.Release2016|x86.ActiveCfg = Release2016|Any CPU
		{997FCA6E-9EE3-48B0-8DEB-30149BA1A88B}.Release2016|x86.Build.0 = Release2016|Any CPU
		{997FCA6E-9EE3-48B0-8DEB-30149BA1A88B}.Release2017|Any CPU.ActiveCfg = Release2017|Any CPU
		{997FCA6E-9EE3-48B0-8DEB-30149BA1A88B}.Release2017|Any CPU.Build.0 = Release2017|Any CPU
		{997FCA6E-9EE3-48B0-8DEB-30149BA1A88B}.Release2017|x86.ActiveCfg = Release2017|Any CPU
		{997FCA6E-9EE3-48B0-8DEB-30149BA1A88B}.Release2018|Any CPU.ActiveCfg = Release2018|Any CPU
		{997FCA6E-9EE3-48B0-8DEB-30149BA1A88B}.Release2018|Any CPU.Build.0 = Release2018|Any CPU
		{997FCA6E-9EE3-48B0-8DEB-30149BA1A88B}.Release2018|x86.ActiveCfg = Release2018|Any CPU
		{997FCA6E-9EE3-48B0-8DEB-30149BA1A88B}.Release2018|x86.Build.0 = Release2018|Any CPU
		{997FCA6E-9EE3-48B0-8DEB-30149BA1A88B}.Release2019|Any CPU.ActiveCfg = Release2019|Any CPU
		{997FCA6E-9EE3-48B0-8DEB-30149BA1A88B}.Release2019|Any CPU.Build.0 = Release2019|Any CPU
		{997FCA6E-9EE3-48B0-8DEB-30149BA1A88B}.Release2019|x86.ActiveCfg = Release2018|Any CPU
		{997FCA6E-9EE3-48B0-8DEB-30149BA1A88B}.Release2019|x86.Build.0 = Release2018|Any CPU
		{997FCA6E-9EE3-48B0-8DEB-30149BA1A88B}.Release2020|Any CPU.ActiveCfg = Release2020|Any CPU
		{997FCA6E-9EE3-48B0-8DEB-30149BA1A88B}.Release2020|Any CPU.Build.0 = Release2020|Any CPU
		{997FCA6E-9EE3-48B0-8DEB-30149BA1A88B}.Release2020|x86.ActiveCfg = Release2020|Any CPU
		{997FCA6E-9EE3-48B0-8DEB-30149BA1A88B}.Release2020|x86.Build.0 = Release2020|Any CPU
		{997FCA6E-9EE3-48B0-8DEB-30149BA1A88B}.Release2021|Any CPU.ActiveCfg = Release2021|Any CPU
		{997FCA6E-9EE3-48B0-8DEB-30149BA1A88B}.Release2021|Any CPU.Build.0 = Release2021|Any CPU
		{997FCA6E-9EE3-48B0-8DEB-30149BA1A88B}.Release2021|x86.ActiveCfg = Release2021|Any CPU
		{997FCA6E-9EE3-48B0-8DEB-30149BA1A88B}.Release2022|Any CPU.ActiveCfg = Release2022|Any CPU
		{997FCA6E-9EE3-48B0-8DEB-30149BA1A88B}.Release2022|Any CPU.Build.0 = Release2022|Any CPU
		{997FCA6E-9EE3-48B0-8DEB-30149BA1A88B}.Release2022|x86.ActiveCfg = Release2022|Any CPU
		{997FCA6E-9EE3-48B0-8DEB-30149BA1A88B}.Release2022|x86.Build.0 = Release2022|Any CPU
		{29836B39-295E-4111-81D2-D0DEC4E3815C}.Debug|Any CPU.ActiveCfg = Debug|Any CPU
		{29836B39-295E-4111-81D2-D0DEC4E3815C}.Debug|Any CPU.Build.0 = Debug|Any CPU
		{29836B39-295E-4111-81D2-D0DEC4E3815C}.Debug|x86.ActiveCfg = Debug|Any CPU
		{29836B39-295E-4111-81D2-D0DEC4E3815C}.Debug|x86.Build.0 = Debug|Any CPU
		{29836B39-295E-4111-81D2-D0DEC4E3815C}.Debug2015|Any CPU.ActiveCfg = Debug2015|Any CPU
		{29836B39-295E-4111-81D2-D0DEC4E3815C}.Debug2015|Any CPU.Build.0 = Debug2015|Any CPU
		{29836B39-295E-4111-81D2-D0DEC4E3815C}.Debug2015|x86.ActiveCfg = Debug2015|Any CPU
		{29836B39-295E-4111-81D2-D0DEC4E3815C}.Debug2015|x86.Build.0 = Debug2015|Any CPU
		{29836B39-295E-4111-81D2-D0DEC4E3815C}.Debug2016|Any CPU.ActiveCfg = Debug2016|Any CPU
		{29836B39-295E-4111-81D2-D0DEC4E3815C}.Debug2016|Any CPU.Build.0 = Debug2016|Any CPU
		{29836B39-295E-4111-81D2-D0DEC4E3815C}.Debug2016|x86.ActiveCfg = Debug2016|Any CPU
		{29836B39-295E-4111-81D2-D0DEC4E3815C}.Debug2016|x86.Build.0 = Debug2016|Any CPU
		{29836B39-295E-4111-81D2-D0DEC4E3815C}.Debug2017|Any CPU.ActiveCfg = Debug2017|Any CPU
		{29836B39-295E-4111-81D2-D0DEC4E3815C}.Debug2017|Any CPU.Build.0 = Debug2017|Any CPU
		{29836B39-295E-4111-81D2-D0DEC4E3815C}.Debug2017|x86.ActiveCfg = Debug2017|Any CPU
		{29836B39-295E-4111-81D2-D0DEC4E3815C}.Debug2017|x86.Build.0 = Debug2017|Any CPU
		{29836B39-295E-4111-81D2-D0DEC4E3815C}.Debug2018|Any CPU.ActiveCfg = Debug2018|Any CPU
		{29836B39-295E-4111-81D2-D0DEC4E3815C}.Debug2018|Any CPU.Build.0 = Debug2018|Any CPU
		{29836B39-295E-4111-81D2-D0DEC4E3815C}.Debug2018|x86.ActiveCfg = Debug2018|Any CPU
		{29836B39-295E-4111-81D2-D0DEC4E3815C}.Debug2018|x86.Build.0 = Debug2018|Any CPU
		{29836B39-295E-4111-81D2-D0DEC4E3815C}.Debug2019|Any CPU.ActiveCfg = Debug2019|Any CPU
		{29836B39-295E-4111-81D2-D0DEC4E3815C}.Debug2019|Any CPU.Build.0 = Debug2019|Any CPU
		{29836B39-295E-4111-81D2-D0DEC4E3815C}.Debug2019|x86.ActiveCfg = Debug2019|Any CPU
		{29836B39-295E-4111-81D2-D0DEC4E3815C}.Debug2019|x86.Build.0 = Debug2019|Any CPU
		{29836B39-295E-4111-81D2-D0DEC4E3815C}.Debug2020|Any CPU.ActiveCfg = Debug2020|Any CPU
		{29836B39-295E-4111-81D2-D0DEC4E3815C}.Debug2020|Any CPU.Build.0 = Debug2020|Any CPU
		{29836B39-295E-4111-81D2-D0DEC4E3815C}.Debug2020|x86.ActiveCfg = Debug2020|Any CPU
		{29836B39-295E-4111-81D2-D0DEC4E3815C}.Debug2020|x86.Build.0 = Debug2020|Any CPU
		{29836B39-295E-4111-81D2-D0DEC4E3815C}.Debug2021|Any CPU.ActiveCfg = Debug2021|Any CPU
		{29836B39-295E-4111-81D2-D0DEC4E3815C}.Debug2021|Any CPU.Build.0 = Debug2021|Any CPU
		{29836B39-295E-4111-81D2-D0DEC4E3815C}.Debug2021|x86.ActiveCfg = Debug2021|Any CPU
		{29836B39-295E-4111-81D2-D0DEC4E3815C}.Debug2021|x86.Build.0 = Debug2021|Any CPU
		{29836B39-295E-4111-81D2-D0DEC4E3815C}.Debug2022|Any CPU.ActiveCfg = Debug2022|Any CPU
		{29836B39-295E-4111-81D2-D0DEC4E3815C}.Debug2022|Any CPU.Build.0 = Debug2022|Any CPU
		{29836B39-295E-4111-81D2-D0DEC4E3815C}.Debug2022|x86.ActiveCfg = Debug2022|Any CPU
		{29836B39-295E-4111-81D2-D0DEC4E3815C}.Debug2022|x86.Build.0 = Debug2022|Any CPU
		{29836B39-295E-4111-81D2-D0DEC4E3815C}.Release|Any CPU.ActiveCfg = Release|Any CPU
		{29836B39-295E-4111-81D2-D0DEC4E3815C}.Release|Any CPU.Build.0 = Release|Any CPU
		{29836B39-295E-4111-81D2-D0DEC4E3815C}.Release|x86.ActiveCfg = Release|Any CPU
		{29836B39-295E-4111-81D2-D0DEC4E3815C}.Release|x86.Build.0 = Release|Any CPU
		{29836B39-295E-4111-81D2-D0DEC4E3815C}.Release2015|Any CPU.ActiveCfg = Release2015|Any CPU
		{29836B39-295E-4111-81D2-D0DEC4E3815C}.Release2015|Any CPU.Build.0 = Release2015|Any CPU
		{29836B39-295E-4111-81D2-D0DEC4E3815C}.Release2015|x86.ActiveCfg = Release2015|Any CPU
		{29836B39-295E-4111-81D2-D0DEC4E3815C}.Release2015|x86.Build.0 = Release2015|Any CPU
		{29836B39-295E-4111-81D2-D0DEC4E3815C}.Release2016|Any CPU.ActiveCfg = Release|Any CPU
		{29836B39-295E-4111-81D2-D0DEC4E3815C}.Release2016|Any CPU.Build.0 = Release|Any CPU
		{29836B39-295E-4111-81D2-D0DEC4E3815C}.Release2016|x86.ActiveCfg = Release|Any CPU
		{29836B39-295E-4111-81D2-D0DEC4E3815C}.Release2016|x86.Build.0 = Release|Any CPU
		{29836B39-295E-4111-81D2-D0DEC4E3815C}.Release2017|Any CPU.ActiveCfg = Release2015|Any CPU
		{29836B39-295E-4111-81D2-D0DEC4E3815C}.Release2017|Any CPU.Build.0 = Release2015|Any CPU
		{29836B39-295E-4111-81D2-D0DEC4E3815C}.Release2017|x86.ActiveCfg = Release2015|Any CPU
		{29836B39-295E-4111-81D2-D0DEC4E3815C}.Release2017|x86.Build.0 = Release2015|Any CPU
		{29836B39-295E-4111-81D2-D0DEC4E3815C}.Release2018|Any CPU.ActiveCfg = Release2018|Any CPU
		{29836B39-295E-4111-81D2-D0DEC4E3815C}.Release2018|Any CPU.Build.0 = Release2018|Any CPU
		{29836B39-295E-4111-81D2-D0DEC4E3815C}.Release2018|x86.ActiveCfg = Release2018|Any CPU
		{29836B39-295E-4111-81D2-D0DEC4E3815C}.Release2018|x86.Build.0 = Release2018|Any CPU
		{29836B39-295E-4111-81D2-D0DEC4E3815C}.Release2019|Any CPU.ActiveCfg = Release2019|Any CPU
		{29836B39-295E-4111-81D2-D0DEC4E3815C}.Release2019|Any CPU.Build.0 = Release2019|Any CPU
		{29836B39-295E-4111-81D2-D0DEC4E3815C}.Release2019|x86.ActiveCfg = Release2019|Any CPU
		{29836B39-295E-4111-81D2-D0DEC4E3815C}.Release2019|x86.Build.0 = Release2019|Any CPU
		{29836B39-295E-4111-81D2-D0DEC4E3815C}.Release2020|Any CPU.ActiveCfg = Release2020|Any CPU
		{29836B39-295E-4111-81D2-D0DEC4E3815C}.Release2020|Any CPU.Build.0 = Release2020|Any CPU
		{29836B39-295E-4111-81D2-D0DEC4E3815C}.Release2020|x86.ActiveCfg = Release2020|Any CPU
		{29836B39-295E-4111-81D2-D0DEC4E3815C}.Release2020|x86.Build.0 = Release2020|Any CPU
		{29836B39-295E-4111-81D2-D0DEC4E3815C}.Release2021|Any CPU.ActiveCfg = Release2021|Any CPU
		{29836B39-295E-4111-81D2-D0DEC4E3815C}.Release2021|Any CPU.Build.0 = Release2021|Any CPU
		{29836B39-295E-4111-81D2-D0DEC4E3815C}.Release2021|x86.ActiveCfg = Release2021|Any CPU
		{29836B39-295E-4111-81D2-D0DEC4E3815C}.Release2021|x86.Build.0 = Release2021|Any CPU
		{29836B39-295E-4111-81D2-D0DEC4E3815C}.Release2022|Any CPU.ActiveCfg = Release2022|Any CPU
		{29836B39-295E-4111-81D2-D0DEC4E3815C}.Release2022|Any CPU.Build.0 = Release2022|Any CPU
		{29836B39-295E-4111-81D2-D0DEC4E3815C}.Release2022|x86.ActiveCfg = Release2022|Any CPU
		{29836B39-295E-4111-81D2-D0DEC4E3815C}.Release2022|x86.Build.0 = Release2022|Any CPU
		{FBFA97EE-E675-4B07-BF0F-30745F5DC434}.Debug|Any CPU.ActiveCfg = Debug|x86
		{FBFA97EE-E675-4B07-BF0F-30745F5DC434}.Debug|x86.ActiveCfg = Debug|x86
		{FBFA97EE-E675-4B07-BF0F-30745F5DC434}.Debug|x86.Build.0 = Debug|x86
		{FBFA97EE-E675-4B07-BF0F-30745F5DC434}.Debug2015|Any CPU.ActiveCfg = Release|x86
		{FBFA97EE-E675-4B07-BF0F-30745F5DC434}.Debug2015|x86.ActiveCfg = Debug|x86
		{FBFA97EE-E675-4B07-BF0F-30745F5DC434}.Debug2015|x86.Build.0 = Debug|x86
		{FBFA97EE-E675-4B07-BF0F-30745F5DC434}.Debug2016|Any CPU.ActiveCfg = Release|x86
		{FBFA97EE-E675-4B07-BF0F-30745F5DC434}.Debug2016|x86.ActiveCfg = Debug|x86
		{FBFA97EE-E675-4B07-BF0F-30745F5DC434}.Debug2016|x86.Build.0 = Debug|x86
		{FBFA97EE-E675-4B07-BF0F-30745F5DC434}.Debug2017|Any CPU.ActiveCfg = Release2015|x86
		{FBFA97EE-E675-4B07-BF0F-30745F5DC434}.Debug2017|x86.ActiveCfg = Debug2015|x86
		{FBFA97EE-E675-4B07-BF0F-30745F5DC434}.Debug2017|x86.Build.0 = Debug2015|x86
		{FBFA97EE-E675-4B07-BF0F-30745F5DC434}.Debug2018|Any CPU.ActiveCfg = Debug|x86
		{FBFA97EE-E675-4B07-BF0F-30745F5DC434}.Debug2018|Any CPU.Build.0 = Debug|x86
		{FBFA97EE-E675-4B07-BF0F-30745F5DC434}.Debug2018|x86.ActiveCfg = Debug2017|x86
		{FBFA97EE-E675-4B07-BF0F-30745F5DC434}.Debug2018|x86.Build.0 = Debug2017|x86
		{FBFA97EE-E675-4B07-BF0F-30745F5DC434}.Debug2019|Any CPU.ActiveCfg = Debug|x86
		{FBFA97EE-E675-4B07-BF0F-30745F5DC434}.Debug2019|x86.ActiveCfg = Debug2018|x86
		{FBFA97EE-E675-4B07-BF0F-30745F5DC434}.Debug2019|x86.Build.0 = Debug2018|x86
		{FBFA97EE-E675-4B07-BF0F-30745F5DC434}.Debug2020|Any CPU.ActiveCfg = Debug|x86
		{FBFA97EE-E675-4B07-BF0F-30745F5DC434}.Debug2020|Any CPU.Build.0 = Debug|x86
		{FBFA97EE-E675-4B07-BF0F-30745F5DC434}.Debug2020|x86.ActiveCfg = Debug2019|x86
		{FBFA97EE-E675-4B07-BF0F-30745F5DC434}.Debug2020|x86.Build.0 = Debug2019|x86
		{FBFA97EE-E675-4B07-BF0F-30745F5DC434}.Debug2021|Any CPU.ActiveCfg = Release2019|x86
		{FBFA97EE-E675-4B07-BF0F-30745F5DC434}.Debug2021|x86.ActiveCfg = Debug2019|x86
		{FBFA97EE-E675-4B07-BF0F-30745F5DC434}.Debug2022|Any CPU.ActiveCfg = Debug|x86
		{FBFA97EE-E675-4B07-BF0F-30745F5DC434}.Debug2022|x86.ActiveCfg = Debug2019|x86
		{FBFA97EE-E675-4B07-BF0F-30745F5DC434}.Debug2022|x86.Build.0 = Debug2019|x86
		{FBFA97EE-E675-4B07-BF0F-30745F5DC434}.Release|Any CPU.ActiveCfg = Release|x86
		{FBFA97EE-E675-4B07-BF0F-30745F5DC434}.Release|x86.ActiveCfg = Release|x86
		{FBFA97EE-E675-4B07-BF0F-30745F5DC434}.Release|x86.Build.0 = Release|x86
		{FBFA97EE-E675-4B07-BF0F-30745F5DC434}.Release2015|Any CPU.ActiveCfg = Release|x86
		{FBFA97EE-E675-4B07-BF0F-30745F5DC434}.Release2015|Any CPU.Build.0 = Release|x86
		{FBFA97EE-E675-4B07-BF0F-30745F5DC434}.Release2015|x86.ActiveCfg = Release|x86
		{FBFA97EE-E675-4B07-BF0F-30745F5DC434}.Release2015|x86.Build.0 = Release|x86
		{FBFA97EE-E675-4B07-BF0F-30745F5DC434}.Release2016|Any CPU.ActiveCfg = Release|x86
		{FBFA97EE-E675-4B07-BF0F-30745F5DC434}.Release2016|Any CPU.Build.0 = Release|x86
		{FBFA97EE-E675-4B07-BF0F-30745F5DC434}.Release2016|x86.ActiveCfg = Release|x86
		{FBFA97EE-E675-4B07-BF0F-30745F5DC434}.Release2016|x86.Build.0 = Release|x86
		{FBFA97EE-E675-4B07-BF0F-30745F5DC434}.Release2017|Any CPU.ActiveCfg = Release2015|x86
		{FBFA97EE-E675-4B07-BF0F-30745F5DC434}.Release2017|Any CPU.Build.0 = Release2015|x86
		{FBFA97EE-E675-4B07-BF0F-30745F5DC434}.Release2017|x86.ActiveCfg = Release2015|x86
		{FBFA97EE-E675-4B07-BF0F-30745F5DC434}.Release2017|x86.Build.0 = Release2015|x86
		{FBFA97EE-E675-4B07-BF0F-30745F5DC434}.Release2018|Any CPU.ActiveCfg = Release|x86
		{FBFA97EE-E675-4B07-BF0F-30745F5DC434}.Release2018|Any CPU.Build.0 = Release|x86
		{FBFA97EE-E675-4B07-BF0F-30745F5DC434}.Release2018|x86.ActiveCfg = Release2015|x86
		{FBFA97EE-E675-4B07-BF0F-30745F5DC434}.Release2018|x86.Build.0 = Release2015|x86
		{FBFA97EE-E675-4B07-BF0F-30745F5DC434}.Release2019|Any CPU.ActiveCfg = Debug2018|x86
		{FBFA97EE-E675-4B07-BF0F-30745F5DC434}.Release2019|x86.ActiveCfg = Release2018|x86
		{FBFA97EE-E675-4B07-BF0F-30745F5DC434}.Release2019|x86.Build.0 = Release2018|x86
		{FBFA97EE-E675-4B07-BF0F-30745F5DC434}.Release2020|Any CPU.ActiveCfg = Debug2019|x86
		{FBFA97EE-E675-4B07-BF0F-30745F5DC434}.Release2020|Any CPU.Build.0 = Debug2019|x86
		{FBFA97EE-E675-4B07-BF0F-30745F5DC434}.Release2020|x86.ActiveCfg = Release2019|x86
		{FBFA97EE-E675-4B07-BF0F-30745F5DC434}.Release2020|x86.Build.0 = Release2019|x86
		{FBFA97EE-E675-4B07-BF0F-30745F5DC434}.Release2021|Any CPU.ActiveCfg = Release2019|x86
		{FBFA97EE-E675-4B07-BF0F-30745F5DC434}.Release2021|x86.ActiveCfg = Release2019|x86
		{FBFA97EE-E675-4B07-BF0F-30745F5DC434}.Release2022|Any CPU.ActiveCfg = Release|x86
		{FBFA97EE-E675-4B07-BF0F-30745F5DC434}.Release2022|x86.ActiveCfg = Release2018|x86
		{FBFA97EE-E675-4B07-BF0F-30745F5DC434}.Release2022|x86.Build.0 = Release2018|x86
	EndGlobalSection
	GlobalSection(SolutionProperties) = preSolution
		HideSolutionNode = FALSE
	EndGlobalSection
	GlobalSection(ExtensibilityGlobals) = postSolution
		SolutionGuid = {8336F666-F271-4217-A6F3-E45591DB267E}
	EndGlobalSection
EndGlobal
